{
  "originHash" : "cbf7889e51bb986d241c229e8659776e777e9e96c1dc4aaa34c70ab548811eb3",
  "pins" : [
    {
      "identity" : "highlighterswift",
      "kind" : "remoteSourceControl",
      "location" : "https://github.com/smittytone/HighlighterSwift",
      "state" : {
        "revision" : "fe7aae9c9b31d3b296fd3d2dd575e1a207bb29e0",
        "version" : "3.1.0"
      }
    },
    {
      "identity" : "swift-argument-parser",
      "kind" : "remoteSourceControl",
      "location" : "https://github.com/apple/swift-argument-parser",
      "state" : {
        "revision" : "6a52f3251125d74daf04fcbd5e6f08a75d074382",
        "version" : "1.8.2"
      }
    },
    {
      "identity" : "swiftterm",
      "kind" : "remoteSourceControl",
      "location" : "https://github.com/migueldeicaza/SwiftTerm",
      "state" : {
        "revision" : "5d14406844143538cd8f8851d2d8a67c1fe443e5",
        "version" : "1.20.0"
      }
    }
  ],
  "version" : 3
}
